
Microsoft Visual Studio Solution File, Format Version 12.00
# Visual Studio Version 16
VisualStudioVersion = 16.0.31005.135
MinimumVisualStudioVersion = 10.0.40219.1
Project("{FAE04EC0-301F-11D3-BF4B-00C04F79EFBC}") = "WebApiCore", "WebApiCore\WebApiCore.csproj", "{39620956-1D0B-43C0-9E51-B88CE36BFFF2}"
EndProject
Global
	GlobalSection(SolutionConfigurationPlatforms) = preSolution
		Debug|Any CPU = Debug|Any CPU
		Release|Any CPU = Release|Any CPU
	EndGlobalSection
	GlobalSection(ProjectConfigurationPlatforms) = postSolution
		{39620956-1D0B-43C0-9E51-B88CE36BFFF2}.Debug|Any CPU.ActiveCfg = Debug|Any CPU
		{39620956-1D0B-43C0-9E51-B88CE36BFFF2}.Debug|Any CPU.Build.0 = Debug|Any CPU
		{39620956-1D0B-43C0-9E51-B88CE36BFFF2}.Release|Any CPU.ActiveCfg = Release|Any CPU
		{39620956-1D0B-43C0-9E51-B88CE36BFFF2}.Release|Any CPU.Build.0 = Release|Any CPU
	EndGlobalSection
	GlobalSection(SolutionProperties) = preSolution
		HideSolutionNode = FALSE
	EndGlobalSection
	GlobalSection(ExtensibilityGlobals) = postSolution
		SolutionGuid = {56311F2A-B36B-4D3D-9595-01F4F609D4C0}
	EndGlobalSection
EndGlobal
